
Microsoft Visual Studio Solution File, Format Version 12.00
Project("{FAE04EC0-301F-11D3-BF4B-00C04F79EFBC}") = "CloudStorage.FileService", "CloudStorage.FileService\CloudStorage.FileService.csproj", "{417A8975-6195-425E-9E0D-4910BC8062DC}"
EndProject
Project("{FAE04EC0-301F-11D3-BF4B-00C04F79EFBC}") = "CloudStorage.FileService.Domain", "CloudStorage.FileService.Domain\CloudStorage.FileService.Domain.csproj", "{FD339520-AA9F-451F-9937-959FF5FD30F4}"
EndProject
Project("{FAE04EC0-301F-11D3-BF4B-00C04F79EFBC}") = "CloudStorage.UseCases", "CloudStorage.UseCases\CloudStorage.UseCases.csproj", "{22872A24-8F62-4C7C-9FFE-9913F45909DD}"
EndProject
Project("{FAE04EC0-301F-11D3-BF4B-00C04F79EFBC}") = "CloudStorage.Infrastructure.Persistence", "CloudStorage.Infrastructure.Persistence\CloudStorage.Infrastructure.Persistence.csproj", "{BC588200-4B29-4BEE-9864-5218245F1293}"
EndProject
Project("{2150E333-8FDC-42A3-9474-1A3956D46DE8}") = "Orchestration", "Orchestration", "{F4AD4DB9-ED15-4103-AA3A-FF599FEE847B}"
EndProject
Project("{2150E333-8FDC-42A3-9474-1A3956D46DE8}") = "Solution Items", "Solution Items", "{ED19EAE5-E156-4831-91AE-0679ABC43AA8}"
	ProjectSection(SolutionItems) = preProject
		Directory.Build.props = Directory.Build.props
		Directory.Packages.props = Directory.Packages.props
	EndProjectSection
EndProject
Project("{FAE04EC0-301F-11D3-BF4B-00C04F79EFBC}") = "CloudStorage.Infrastructure.EventBus", "CloudStorage.Infrastructure.EventBus\CloudStorage.Infrastructure.EventBus.csproj", "{B6F70787-72BF-46D2-A533-615CE79D543F}"
EndProject
Project("{FAE04EC0-301F-11D3-BF4B-00C04F79EFBC}") = "CloudStorage.Infrastructure.S3Storage", "CloudStorage.Infrastructure.S3Storage\CloudStorage.Infrastructure.S3Storage.csproj", "{D87E2EA1-05F1-411E-8C78-04A270985EC2}"
EndProject
Project("{FAE04EC0-301F-11D3-BF4B-00C04F79EFBC}") = "CloudStorage.AppHost", "CloudStorage.AppHost\CloudStorage.AppHost.csproj", "{25787248-F2CE-4428-9BD9-E393044B94DC}"
EndProject
Project("{FAE04EC0-301F-11D3-BF4B-00C04F79EFBC}") = "CloudStorage.ServiceDefaults", "CloudStorage.ServiceDefaults\CloudStorage.ServiceDefaults.csproj", "{4288AFD1-ED4C-49DC-9FFE-2370B54424F9}"
EndProject
Project("{2150E333-8FDC-42A3-9474-1A3956D46DE8}") = "FileService", "FileService", "{7FA1070B-BC38-4F00-A625-C80401F8F7B1}"
EndProject
Project("{2150E333-8FDC-42A3-9474-1A3956D46DE8}") = "NotificationService", "NotificationService", "{89F1D1C9-42CC-444D-A43D-80682EBDA581}"
EndProject
Project("{FAE04EC0-301F-11D3-BF4B-00C04F79EFBC}") = "CloudStorage.NotificationService", "CloudStorage.NotificationService\CloudStorage.NotificationService.csproj", "{8F92DA51-14C5-45FD-98CB-0444249176FA}"
EndProject
Project("{2150E333-8FDC-42A3-9474-1A3956D46DE8}") = "AuthService", "AuthService", "{91AF7FBF-6BDD-4B57-BB0A-89CFE0BD9346}"
EndProject
Project("{FAE04EC0-301F-11D3-BF4B-00C04F79EFBC}") = "CloudStorage.UserService", "CloudStorage.UserService\CloudStorage.UserService.csproj", "{5A787344-214C-4EDB-97BD-65D5F25C8F30}"
EndProject
Global
	GlobalSection(SolutionConfigurationPlatforms) = preSolution
		Debug|Any CPU = Debug|Any CPU
		Release|Any CPU = Release|Any CPU
	EndGlobalSection
	GlobalSection(ProjectConfigurationPlatforms) = postSolution
		{417A8975-6195-425E-9E0D-4910BC8062DC}.Debug|Any CPU.ActiveCfg = Debug|Any CPU
		{417A8975-6195-425E-9E0D-4910BC8062DC}.Debug|Any CPU.Build.0 = Debug|Any CPU
		{417A8975-6195-425E-9E0D-4910BC8062DC}.Release|Any CPU.ActiveCfg = Release|Any CPU
		{417A8975-6195-425E-9E0D-4910BC8062DC}.Release|Any CPU.Build.0 = Release|Any CPU
		{FD339520-AA9F-451F-9937-959FF5FD30F4}.Debug|Any CPU.ActiveCfg = Debug|Any CPU
		{FD339520-AA9F-451F-9937-959FF5FD30F4}.Debug|Any CPU.Build.0 = Debug|Any CPU
		{FD339520-AA9F-451F-9937-959FF5FD30F4}.Release|Any CPU.ActiveCfg = Release|Any CPU
		{FD339520-AA9F-451F-9937-959FF5FD30F4}.Release|Any CPU.Build.0 = Release|Any CPU
		{22872A24-8F62-4C7C-9FFE-9913F45909DD}.Debug|Any CPU.ActiveCfg = Debug|Any CPU
		{22872A24-8F62-4C7C-9FFE-9913F45909DD}.Debug|Any CPU.Build.0 = Debug|Any CPU
		{22872A24-8F62-4C7C-9FFE-9913F45909DD}.Release|Any CPU.ActiveCfg = Release|Any CPU
		{22872A24-8F62-4C7C-9FFE-9913F45909DD}.Release|Any CPU.Build.0 = Release|Any CPU
		{BC588200-4B29-4BEE-9864-5218245F1293}.Debug|Any CPU.ActiveCfg = Debug|Any CPU
		{BC588200-4B29-4BEE-9864-5218245F1293}.Debug|Any CPU.Build.0 = Debug|Any CPU
		{BC588200-4B29-4BEE-9864-5218245F1293}.Release|Any CPU.ActiveCfg = Release|Any CPU
		{BC588200-4B29-4BEE-9864-5218245F1293}.Release|Any CPU.Build.0 = Release|Any CPU
		{B6F70787-72BF-46D2-A533-615CE79D543F}.Debug|Any CPU.ActiveCfg = Debug|Any CPU
		{B6F70787-72BF-46D2-A533-615CE79D543F}.Debug|Any CPU.Build.0 = Debug|Any CPU
		{B6F70787-72BF-46D2-A533-615CE79D543F}.Release|Any CPU.ActiveCfg = Release|Any CPU
		{B6F70787-72BF-46D2-A533-615CE79D543F}.Release|Any CPU.Build.0 = Release|Any CPU
		{D87E2EA1-05F1-411E-8C78-04A270985EC2}.Debug|Any CPU.ActiveCfg = Debug|Any CPU
		{D87E2EA1-05F1-411E-8C78-04A270985EC2}.Debug|Any CPU.Build.0 = Debug|Any CPU
		{D87E2EA1-05F1-411E-8C78-04A270985EC2}.Release|Any CPU.ActiveCfg = Release|Any CPU
		{D87E2EA1-05F1-411E-8C78-04A270985EC2}.Release|Any CPU.Build.0 = Release|Any CPU
		{25787248-F2CE-4428-9BD9-E393044B94DC}.Debug|Any CPU.ActiveCfg = Debug|Any CPU
		{25787248-F2CE-4428-9BD9-E393044B94DC}.Debug|Any CPU.Build.0 = Debug|Any CPU
		{25787248-F2CE-4428-9BD9-E393044B94DC}.Release|Any CPU.ActiveCfg = Release|Any CPU
		{25787248-F2CE-4428-9BD9-E393044B94DC}.Release|Any CPU.Build.0 = Release|Any CPU
		{4288AFD1-ED4C-49DC-9FFE-2370B54424F9}.Debug|Any CPU.ActiveCfg = Debug|Any CPU
		{4288AFD1-ED4C-49DC-9FFE-2370B54424F9}.Debug|Any CPU.Build.0 = Debug|Any CPU
		{4288AFD1-ED4C-49DC-9FFE-2370B54424F9}.Release|Any CPU.ActiveCfg = Release|Any CPU
		{4288AFD1-ED4C-49DC-9FFE-2370B54424F9}.Release|Any CPU.Build.0 = Release|Any CPU
		{8F92DA51-14C5-45FD-98CB-0444249176FA}.Debug|Any CPU.ActiveCfg = Debug|Any CPU
		{8F92DA51-14C5-45FD-98CB-0444249176FA}.Debug|Any CPU.Build.0 = Debug|Any CPU
		{8F92DA51-14C5-45FD-98CB-0444249176FA}.Release|Any CPU.ActiveCfg = Release|Any CPU
		{8F92DA51-14C5-45FD-98CB-0444249176FA}.Release|Any CPU.Build.0 = Release|Any CPU
		{5A787344-214C-4EDB-97BD-65D5F25C8F30}.Debug|Any CPU.ActiveCfg = Debug|Any CPU
		{5A787344-214C-4EDB-97BD-65D5F25C8F30}.Debug|Any CPU.Build.0 = Debug|Any CPU
		{5A787344-214C-4EDB-97BD-65D5F25C8F30}.Release|Any CPU.ActiveCfg = Release|Any CPU
		{5A787344-214C-4EDB-97BD-65D5F25C8F30}.Release|Any CPU.Build.0 = Release|Any CPU
	EndGlobalSection
	GlobalSection(NestedProjects) = preSolution
		{25787248-F2CE-4428-9BD9-E393044B94DC} = {F4AD4DB9-ED15-4103-AA3A-FF599FEE847B}
		{4288AFD1-ED4C-49DC-9FFE-2370B54424F9} = {F4AD4DB9-ED15-4103-AA3A-FF599FEE847B}
		{B6F70787-72BF-46D2-A533-615CE79D543F} = {7FA1070B-BC38-4F00-A625-C80401F8F7B1}
		{BC588200-4B29-4BEE-9864-5218245F1293} = {7FA1070B-BC38-4F00-A625-C80401F8F7B1}
		{D87E2EA1-05F1-411E-8C78-04A270985EC2} = {7FA1070B-BC38-4F00-A625-C80401F8F7B1}
		{FD339520-AA9F-451F-9937-959FF5FD30F4} = {7FA1070B-BC38-4F00-A625-C80401F8F7B1}
		{22872A24-8F62-4C7C-9FFE-9913F45909DD} = {7FA1070B-BC38-4F00-A625-C80401F8F7B1}
		{417A8975-6195-425E-9E0D-4910BC8062DC} = {7FA1070B-BC38-4F00-A625-C80401F8F7B1}
		{8F92DA51-14C5-45FD-98CB-0444249176FA} = {89F1D1C9-42CC-444D-A43D-80682EBDA581}
		{5A787344-214C-4EDB-97BD-65D5F25C8F30} = {91AF7FBF-6BDD-4B57-BB0A-89CFE0BD9346}
	EndGlobalSection
EndGlobal
