
Microsoft Visual Studio Solution File, Format Version 12.00
Project("{FAE04EC0-301F-11D3-BF4B-00C04F79EFBC}") = "CloudStorage", "CloudStorage\CloudStorage.csproj", "{417A8975-6195-425E-9E0D-4910BC8062DC}"
EndProject
Project("{2150E333-8FDC-42A3-9474-1A3956D46DE8}") = "Infrastructure", "Infrastructure", "{A7486728-1DC7-4A15-B05F-8A3B0F00AA5F}"
EndProject
Project("{FAE04EC0-301F-11D3-BF4B-00C04F79EFBC}") = "CloudStorage.Domain", "CloudStorage.Domain\CloudStorage.Domain.csproj", "{FD339520-AA9F-451F-9937-959FF5FD30F4}"
EndProject
Project("{2150E333-8FDC-42A3-9474-1A3956D46DE8}") = "Domain", "Domain", "{AE87DB26-0D8F-4489-BEFC-C924D7203C9C}"
EndProject
Global
	GlobalSection(SolutionConfigurationPlatforms) = preSolution
		Debug|Any CPU = Debug|Any CPU
		Release|Any CPU = Release|Any CPU
	EndGlobalSection
	GlobalSection(ProjectConfigurationPlatforms) = postSolution
		{417A8975-6195-425E-9E0D-4910BC8062DC}.Debug|Any CPU.ActiveCfg = Debug|Any CPU
		{417A8975-6195-425E-9E0D-4910BC8062DC}.Debug|Any CPU.Build.0 = Debug|Any CPU
		{417A8975-6195-425E-9E0D-4910BC8062DC}.Release|Any CPU.ActiveCfg = Release|Any CPU
		{417A8975-6195-425E-9E0D-4910BC8062DC}.Release|Any CPU.Build.0 = Release|Any CPU
		{FD339520-AA9F-451F-9937-959FF5FD30F4}.Debug|Any CPU.ActiveCfg = Debug|Any CPU
		{FD339520-AA9F-451F-9937-959FF5FD30F4}.Debug|Any CPU.Build.0 = Debug|Any CPU
		{FD339520-AA9F-451F-9937-959FF5FD30F4}.Release|Any CPU.ActiveCfg = Release|Any CPU
		{FD339520-AA9F-451F-9937-959FF5FD30F4}.Release|Any CPU.Build.0 = Release|Any CPU
	EndGlobalSection
	GlobalSection(NestedProjects) = preSolution
		{FD339520-AA9F-451F-9937-959FF5FD30F4} = {AE87DB26-0D8F-4489-BEFC-C924D7203C9C}
	EndGlobalSection
EndGlobal
