
Microsoft Visual Studio Solution File, Format Version 12.00
Project("{FAE04EC0-301F-11D3-BF4B-00C04F79EFBC}") = "SecretsSharing", "SecretsSharing\SecretsSharing.csproj", "{417A8975-6195-425E-9E0D-4910BC8062DC}"
EndProject
Global
	GlobalSection(SolutionConfigurationPlatforms) = preSolution
		Debug|Any CPU = Debug|Any CPU
		Release|Any CPU = Release|Any CPU
	EndGlobalSection
	GlobalSection(ProjectConfigurationPlatforms) = postSolution
		{417A8975-6195-425E-9E0D-4910BC8062DC}.Debug|Any CPU.ActiveCfg = Debug|Any CPU
		{417A8975-6195-425E-9E0D-4910BC8062DC}.Debug|Any CPU.Build.0 = Debug|Any CPU
		{417A8975-6195-425E-9E0D-4910BC8062DC}.Release|Any CPU.ActiveCfg = Release|Any CPU
		{417A8975-6195-425E-9E0D-4910BC8062DC}.Release|Any CPU.Build.0 = Release|Any CPU
	EndGlobalSection
EndGlobal
